
Microsoft Visual Studio Solution File, Format Version 12.00
# Visual Studio 2013
VisualStudioVersion = 12.0.30501.0
MinimumVisualStudioVersion = 10.0.40219.1
Project("{FAE04EC0-301F-11D3-BF4B-00C04F79EFBC}") = "ESRIStandardMapApplication1", "ESRIStandardMapApplication1\ESRIStandardMapApplication1.csproj", "{17011780-273C-48DE-82BF-E8DB955FF351}"
EndProject
Project("{FAE04EC0-301F-11D3-BF4B-00C04F79EFBC}") = "ESRIStandardMapApplication1.Web", "ESRIStandardMapApplication1.Web\ESRIStandardMapApplication1.Web.csproj", "{086B61C1-C853-4E7F-8333-0D278B0720D2}"
EndProject
Global
	GlobalSection(SolutionConfigurationPlatforms) = preSolution
		Debug|Any CPU = Debug|Any CPU
		Release|Any CPU = Release|Any CPU
	EndGlobalSection
	GlobalSection(ProjectConfigurationPlatforms) = postSolution
		{17011780-273C-48DE-82BF-E8DB955FF351}.Debug|Any CPU.ActiveCfg = Debug|Any CPU
		{17011780-273C-48DE-82BF-E8DB955FF351}.Debug|Any CPU.Build.0 = Debug|Any CPU
		{17011780-273C-48DE-82BF-E8DB955FF351}.Release|Any CPU.ActiveCfg = Release|Any CPU
		{17011780-273C-48DE-82BF-E8DB955FF351}.Release|Any CPU.Build.0 = Release|Any CPU
		{086B61C1-C853-4E7F-8333-0D278B0720D2}.Debug|Any CPU.ActiveCfg = Debug|Any CPU
		{086B61C1-C853-4E7F-8333-0D278B0720D2}.Debug|Any CPU.Build.0 = Debug|Any CPU
		{086B61C1-C853-4E7F-8333-0D278B0720D2}.Release|Any CPU.ActiveCfg = Release|Any CPU
		{086B61C1-C853-4E7F-8333-0D278B0720D2}.Release|Any CPU.Build.0 = Release|Any CPU
	EndGlobalSection
	GlobalSection(SolutionProperties) = preSolution
		HideSolutionNode = FALSE
	EndGlobalSection
EndGlobal
